// !$*UTF8*$!
{
	archiveVersion = 1;
	classes = {
	};
	objectVersion = 46;
	objects = {

/* Begin PBXBuildFile section */
		21A040491B3C041A008E9540 /* pipo.gain.cpp in Sources */ = {isa = PBXBuildFile; fileRef = 21A040481B3C041A008E9540 /* pipo.gain.cpp */; };
/* End PBXBuildFile section */

/* Begin PBXFileReference section */
		21A040371B3C01BA008E9540 /* pipo.gain.mxo */ = {isa = PBXFileReference; explicitFileType = wrapper.cfbundle; includeInIndex = 0; path = pipo.gain.mxo; sourceTree = BUILT_PRODUCTS_DIR; };
		21A0403B1B3C01BA008E9540 /* external.plist */ = {isa = PBXFileReference; lastKnownFileType = text.plist; path = external.plist; sourceTree = "<group>"; };
		21A040411B3C03B4008E9540 /* maxpipo-example-debug.xcconfig */ = {isa = PBXFileReference; fileEncoding = 4; lastKnownFileType = text.xcconfig; path = "maxpipo-example-debug.xcconfig"; sourceTree = "<group>"; };
		21A040421B3C03B4008E9540 /* maxpipo-example-release.xcconfig */ = {isa = PBXFileReference; fileEncoding = 4; lastKnownFileType = text.xcconfig; path = "maxpipo-example-release.xcconfig"; sourceTree = "<group>"; };
		21A040431B3C03B4008E9540 /* maxpipo-example-shared.xcconfig */ = {isa = PBXFileReference; fileEncoding = 4; lastKnownFileType = text.xcconfig; path = "maxpipo-example-shared.xcconfig"; sourceTree = "<group>"; };
		21A040471B3C0413008E9540 /* PiPoGain.h */ = {isa = PBXFileReference; lastKnownFileType = sourcecode.c.h; path = PiPoGain.h; sourceTree = SOURCE_ROOT; tabWidth = 8; };
		21A040481B3C041A008E9540 /* pipo.gain.cpp */ = {isa = PBXFileReference; fileEncoding = 4; lastKnownFileType = sourcecode.cpp.cpp; path = pipo.gain.cpp; sourceTree = SOURCE_ROOT; };
		31C6621E1DBE5F8800A543A8 /* PiPo.h */ = {isa = PBXFileReference; lastKnownFileType = sourcecode.c.h; name = PiPo.h; path = ../../include/PiPo.h; sourceTree = "<group>"; };
		31C6621F1DBE5F8800A543A8 /* PiPoParallel.h */ = {isa = PBXFileReference; lastKnownFileType = sourcecode.c.h; name = PiPoParallel.h; path = ../../include/PiPoParallel.h; sourceTree = "<group>"; };
		31C662201DBE5F8800A543A8 /* PiPoSequence.h */ = {isa = PBXFileReference; lastKnownFileType = sourcecode.c.h; name = PiPoSequence.h; path = ../../include/PiPoSequence.h; sourceTree = "<group>"; };
		31C662211DBE5F8900A543A8 /* RingBuffer.h */ = {isa = PBXFileReference; lastKnownFileType = sourcecode.c.h; name = RingBuffer.h; path = ../../include/RingBuffer.h; sourceTree = "<group>"; };
		31C662221DBE5F9500A543A8 /* MaxPiPo.h */ = {isa = PBXFileReference; lastKnownFileType = sourcecode.c.h; name = MaxPiPo.h; path = ../../maxpipo/MaxPiPo.h; sourceTree = "<group>"; };
/* End PBXFileReference section */

/* Begin PBXFrameworksBuildPhase section */
		21A040341B3C01BA008E9540 /* Frameworks */ = {
			isa = PBXFrameworksBuildPhase;
			buildActionMask = 2147483647;
			files = (
			);
			runOnlyForDeploymentPostprocessing = 0;
		};
/* End PBXFrameworksBuildPhase section */

/* Begin PBXGroup section */
		21A0402E1B3C01BA008E9540 = {
			isa = PBXGroup;
			children = (
				21A040411B3C03B4008E9540 /* maxpipo-example-debug.xcconfig */,
				21A040421B3C03B4008E9540 /* maxpipo-example-release.xcconfig */,
				21A040431B3C03B4008E9540 /* maxpipo-example-shared.xcconfig */,
				21EDE8851CCFDE3600F26EDC /* include */,
				21EDE88A1CCFDE4700F26EDC /* maxpipo */,
				21A040391B3C01BA008E9540 /* pipo.gain */,
				21A040381B3C01BA008E9540 /* Products */,
			);
			sourceTree = "<group>";
		};
		21A040381B3C01BA008E9540 /* Products */ = {
			isa = PBXGroup;
			children = (
				21A040371B3C01BA008E9540 /* pipo.gain.mxo */,
			);
			name = Products;
			sourceTree = "<group>";
		};
		21A040391B3C01BA008E9540 /* pipo.gain */ = {
			isa = PBXGroup;
			children = (
				21A040471B3C0413008E9540 /* PiPoGain.h */,
				21A040481B3C041A008E9540 /* pipo.gain.cpp */,
				21A0403B1B3C01BA008E9540 /* external.plist */,
			);
			path = pipo.gain;
			sourceTree = "<group>";
		};
		21EDE8851CCFDE3600F26EDC /* include */ = {
			isa = PBXGroup;
			children = (
				31C6621E1DBE5F8800A543A8 /* PiPo.h */,
				31C6621F1DBE5F8800A543A8 /* PiPoParallel.h */,
				31C662201DBE5F8800A543A8 /* PiPoSequence.h */,
				31C662211DBE5F8900A543A8 /* RingBuffer.h */,
			);
			name = include;
			path = ../include;
			sourceTree = "<group>";
		};
		21EDE88A1CCFDE4700F26EDC /* maxpipo */ = {
			isa = PBXGroup;
			children = (
				31C662221DBE5F9500A543A8 /* MaxPiPo.h */,
			);
			name = maxpipo;
			path = ../maxpipo;
			sourceTree = "<group>";
		};
/* End PBXGroup section */

/* Begin PBXNativeTarget section */
		21A040361B3C01BA008E9540 /* pipo.gain */ = {
			isa = PBXNativeTarget;
			buildConfigurationList = 21A0403E1B3C01BA008E9540 /* Build configuration list for PBXNativeTarget "pipo.gain" */;
			buildPhases = (
				21A040331B3C01BA008E9540 /* Sources */,
				21A040341B3C01BA008E9540 /* Frameworks */,
				21A040351B3C01BA008E9540 /* Resources */,
			);
			buildRules = (
			);
			dependencies = (
			);
			name = pipo.gain;
			productName = pipo.gain;
			productReference = 21A040371B3C01BA008E9540 /* pipo.gain.mxo */;
			productType = "com.apple.product-type.bundle";
		};
/* End PBXNativeTarget section */

/* Begin PBXProject section */
		21A0402F1B3C01BA008E9540 /* Project object */ = {
			isa = PBXProject;
			attributes = {
				LastUpgradeCheck = 0630;
				ORGANIZATIONNAME = ircam;
				TargetAttributes = {
					21A040361B3C01BA008E9540 = {
						CreatedOnToolsVersion = 6.3.2;
					};
				};
			};
			buildConfigurationList = 21A040321B3C01BA008E9540 /* Build configuration list for PBXProject "maxpipo-example" */;
			compatibilityVersion = "Xcode 3.2";
			developmentRegion = English;
			hasScannedForEncodings = 0;
			knownRegions = (
				en,
			);
			mainGroup = 21A0402E1B3C01BA008E9540;
			productRefGroup = 21A040381B3C01BA008E9540 /* Products */;
			projectDirPath = "";
			projectRoot = "";
			targets = (
				21A040361B3C01BA008E9540 /* pipo.gain */,
			);
		};
/* End PBXProject section */

/* Begin PBXResourcesBuildPhase section */
		21A040351B3C01BA008E9540 /* Resources */ = {
			isa = PBXResourcesBuildPhase;
			buildActionMask = 2147483647;
			files = (
			);
			runOnlyForDeploymentPostprocessing = 0;
		};
/* End PBXResourcesBuildPhase section */

/* Begin PBXSourcesBuildPhase section */
		21A040331B3C01BA008E9540 /* Sources */ = {
			isa = PBXSourcesBuildPhase;
			buildActionMask = 2147483647;
			files = (
				21A040491B3C041A008E9540 /* pipo.gain.cpp in Sources */,
			);
			runOnlyForDeploymentPostprocessing = 0;
		};
/* End PBXSourcesBuildPhase section */

/* Begin XCBuildConfiguration section */
		21A0403C1B3C01BA008E9540 /* Debug */ = {
			isa = XCBuildConfiguration;
			baseConfigurationReference = 21A040411B3C03B4008E9540 /* maxpipo-example-debug.xcconfig */;
			buildSettings = {
				ALWAYS_SEARCH_USER_PATHS = NO;
				CLANG_CXX_LANGUAGE_STANDARD = "gnu++0x";
				CLANG_CXX_LIBRARY = "libc++";
				CLANG_ENABLE_MODULES = YES;
				CLANG_ENABLE_OBJC_ARC = YES;
				CLANG_WARN_BOOL_CONVERSION = YES;
				CLANG_WARN_CONSTANT_CONVERSION = YES;
				CLANG_WARN_DIRECT_OBJC_ISA_USAGE = YES_ERROR;
				CLANG_WARN_EMPTY_BODY = YES;
				CLANG_WARN_ENUM_CONVERSION = YES;
				CLANG_WARN_INT_CONVERSION = YES;
				CLANG_WARN_OBJC_ROOT_CLASS = YES_ERROR;
				CLANG_WARN_UNREACHABLE_CODE = YES;
				CLANG_WARN__DUPLICATE_METHOD_MATCH = YES;
				COPY_PHASE_STRIP = NO;
				DEBUG_INFORMATION_FORMAT = dwarf;
				ENABLE_STRICT_OBJC_MSGSEND = YES;
				GCC_C_LANGUAGE_STANDARD = gnu99;
				GCC_DYNAMIC_NO_PIC = NO;
				GCC_NO_COMMON_BLOCKS = YES;
				GCC_OPTIMIZATION_LEVEL = 0;
				GCC_PREPROCESSOR_DEFINITIONS = (
					"DEBUG=1",
					"$(inherited)",
				);
				GCC_SYMBOLS_PRIVATE_EXTERN = NO;
				GCC_WARN_64_TO_32_BIT_CONVERSION = YES;
				GCC_WARN_ABOUT_RETURN_TYPE = YES_ERROR;
				GCC_WARN_UNDECLARED_SELECTOR = YES;
				GCC_WARN_UNINITIALIZED_AUTOS = YES_AGGRESSIVE;
				GCC_WARN_UNUSED_FUNCTION = YES;
				GCC_WARN_UNUSED_VARIABLE = YES;
				MACOSX_DEPLOYMENT_TARGET = 10.10;
				MTL_ENABLE_DEBUG_INFO = YES;
				ONLY_ACTIVE_ARCH = NO;
				SDKROOT = macosx;
			};
			name = Debug;
		};
		21A0403D1B3C01BA008E9540 /* Release */ = {
			isa = XCBuildConfiguration;
			baseConfigurationReference = 21A040421B3C03B4008E9540 /* maxpipo-example-release.xcconfig */;
			buildSettings = {
				ALWAYS_SEARCH_USER_PATHS = NO;
				CLANG_CXX_LANGUAGE_STANDARD = "gnu++0x";
				CLANG_CXX_LIBRARY = "libc++";
				CLANG_ENABLE_MODULES = YES;
				CLANG_ENABLE_OBJC_ARC = YES;
				CLANG_WARN_BOOL_CONVERSION = YES;
				CLANG_WARN_CONSTANT_CONVERSION = YES;
				CLANG_WARN_DIRECT_OBJC_ISA_USAGE = YES_ERROR;
				CLANG_WARN_EMPTY_BODY = YES;
				CLANG_WARN_ENUM_CONVERSION = YES;
				CLANG_WARN_INT_CONVERSION = YES;
				CLANG_WARN_OBJC_ROOT_CLASS = YES_ERROR;
				CLANG_WARN_UNREACHABLE_CODE = YES;
				CLANG_WARN__DUPLICATE_METHOD_MATCH = YES;
				COPY_PHASE_STRIP = NO;
				DEBUG_INFORMATION_FORMAT = "dwarf-with-dsym";
				ENABLE_NS_ASSERTIONS = NO;
				ENABLE_STRICT_OBJC_MSGSEND = YES;
				GCC_C_LANGUAGE_STANDARD = gnu99;
				GCC_NO_COMMON_BLOCKS = YES;
				GCC_WARN_64_TO_32_BIT_CONVERSION = YES;
				GCC_WARN_ABOUT_RETURN_TYPE = YES_ERROR;
				GCC_WARN_UNDECLARED_SELECTOR = YES;
				GCC_WARN_UNINITIALIZED_AUTOS = YES_AGGRESSIVE;
				GCC_WARN_UNUSED_FUNCTION = YES;
				GCC_WARN_UNUSED_VARIABLE = YES;
				MACOSX_DEPLOYMENT_TARGET = 10.10;
				MTL_ENABLE_DEBUG_INFO = NO;
				SDKROOT = macosx;
			};
			name = Release;
		};
		21A0403F1B3C01BA008E9540 /* Debug */ = {
			isa = XCBuildConfiguration;
			buildSettings = {
				INFOPLIST_FILE = external.plist;
				PRODUCT_NAME = "$(TARGET_NAME)";
			};
			name = Debug;
		};
		21A040401B3C01BA008E9540 /* Release */ = {
			isa = XCBuildConfiguration;
			buildSettings = {
				INFOPLIST_FILE = external.plist;
				PRODUCT_NAME = "$(TARGET_NAME)";
			};
			name = Release;
		};
/* End XCBuildConfiguration section */

/* Begin XCConfigurationList section */
		21A040321B3C01BA008E9540 /* Build configuration list for PBXProject "maxpipo-example" */ = {
			isa = XCConfigurationList;
			buildConfigurations = (
				21A0403C1B3C01BA008E9540 /* Debug */,
				21A0403D1B3C01BA008E9540 /* Release */,
			);
			defaultConfigurationIsVisible = 0;
			defaultConfigurationName = Release;
		};
		21A0403E1B3C01BA008E9540 /* Build configuration list for PBXNativeTarget "pipo.gain" */ = {
			isa = XCConfigurationList;
			buildConfigurations = (
				21A0403F1B3C01BA008E9540 /* Debug */,
				21A040401B3C01BA008E9540 /* Release */,
			);
			defaultConfigurationIsVisible = 0;
			defaultConfigurationName = Release;
		};
/* End XCConfigurationList section */
	};
	rootObject = 21A0402F1B3C01BA008E9540 /* Project object */;
}
